
Microsoft Visual Studio Solution File, Format Version 12.00
# Visual Studio Version 17
VisualStudioVersion = 17.13.35806.99 d17.13
MinimumVisualStudioVersion = 10.0.40219.1
Project("{FAE04EC0-301F-11D3-BF4B-00C04F79EFBC}") = "PR7_Sopina_RPA_Desktop_p1_varN28", "PR7_Sopina_RPA_Desktop_p1_varN28\PR7_Sopina_RPA_Desktop_p1_varN28.csproj", "{990BCB90-DE7B-4DF0-A343-469F52C2E15C}"
EndProject
Global
	GlobalSection(SolutionConfigurationPlatforms) = preSolution
		Debug|Any CPU = Debug|Any CPU
		Release|Any CPU = Release|Any CPU
	EndGlobalSection
	GlobalSection(ProjectConfigurationPlatforms) = postSolution
		{990BCB90-DE7B-4DF0-A343-469F52C2E15C}.Debug|Any CPU.ActiveCfg = Debug|Any CPU
		{990BCB90-DE7B-4DF0-A343-469F52C2E15C}.Debug|Any CPU.Build.0 = Debug|Any CPU
		{990BCB90-DE7B-4DF0-A343-469F52C2E15C}.Release|Any CPU.ActiveCfg = Release|Any CPU
		{990BCB90-DE7B-4DF0-A343-469F52C2E15C}.Release|Any CPU.Build.0 = Release|Any CPU
	EndGlobalSection
	GlobalSection(SolutionProperties) = preSolution
		HideSolutionNode = FALSE
	EndGlobalSection
	GlobalSection(ExtensibilityGlobals) = postSolution
		SolutionGuid = {E3090548-25A0-463B-A582-AA9F99C2DAE0}
	EndGlobalSection
EndGlobal
